
Microsoft Visual Studio Solution File, Format Version 12.00
# Visual Studio Version 17
VisualStudioVersion = 17.10.34916.146
MinimumVisualStudioVersion = 10.0.40219.1
Project("{2150E333-8FDC-42A3-9474-1A3956D46DE8}") = "src", "src", "{C047613B-ED89-45F2-8C58-4E37CE6F23A0}"
EndProject
Project("{2150E333-8FDC-42A3-9474-1A3956D46DE8}") = "BackEnd", "BackEnd", "{568DF77D-A54A-4242-B720-FC37A80F1B0F}"
EndProject
Project("{2150E333-8FDC-42A3-9474-1A3956D46DE8}") = "FrontEnd", "FrontEnd", "{BBDB2FAB-FD68-4001-8440-E8558D420998}"
EndProject
Project("{2150E333-8FDC-42A3-9474-1A3956D46DE8}") = "Common", "Common", "{599D3139-90C5-4582-A69D-25038E8EC38A}"
EndProject
Project("{2150E333-8FDC-42A3-9474-1A3956D46DE8}") = "Infraestructure", "Infraestructure", "{455F2DBA-99E6-4731-8BA8-8BD53D484379}"
EndProject
Project("{9A19103F-16F7-4668-BE54-9A1E7A4F7556}") = "BoletoBusPro.Common.Data", "BoletoBusPro.Common.Data\BoletoBusPro.Common.Data.csproj", "{5C895183-A315-45D2-AE87-FB94D5AA606A}"
EndProject
Project("{9A19103F-16F7-4668-BE54-9A1E7A4F7556}") = "BoletoBusPro.Infraestructure", "BoletoBusPro.Infraestructure\BoletoBusPro.Infraestructure.csproj", "{5C8BD2C6-3A69-4A52-A48A-E99ED27E518B}"
EndProject
Project("{2150E333-8FDC-42A3-9474-1A3956D46DE8}") = "Modules", "Modules", "{A80A4D2E-D367-4B9D-9CCC-F800670D2002}"
EndProject
Project("{2150E333-8FDC-42A3-9474-1A3956D46DE8}") = "Bus Management", "Bus Management", "{63396475-30B5-4CCE-A145-580553107A42}"
EndProject
Project("{2150E333-8FDC-42A3-9474-1A3956D46DE8}") = "Asiento Management", "Asiento Management", "{55809B8A-70C5-40A0-AC7C-DF40A7D32F48}"
EndProject
Project("{2150E333-8FDC-42A3-9474-1A3956D46DE8}") = "Apis", "Apis", "{251424BF-297A-4BB0-A2C7-81ACC2EC9EAD}"
EndProject
Project("{2150E333-8FDC-42A3-9474-1A3956D46DE8}") = "Application", "Application", "{11BB2D32-7EAC-4446-9106-661AED1760D0}"
EndProject
Project("{2150E333-8FDC-42A3-9474-1A3956D46DE8}") = "Domain", "Domain", "{33BA0DBE-EAF6-4135-BCED-BCFF223C31CE}"
EndProject
Project("{2150E333-8FDC-42A3-9474-1A3956D46DE8}") = "Persistence", "Persistence", "{B5AB36B5-FA1E-42AF-9808-0108E2631DC7}"
EndProject
Project("{9A19103F-16F7-4668-BE54-9A1E7A4F7556}") = "BoletoBusPro.Bus.Api", "BoletoBusPro.Bus.Api\BoletoBusPro.Bus.Api.csproj", "{D577436B-7DB4-4715-B05F-DDFE557151CF}"
EndProject
Project("{9A19103F-16F7-4668-BE54-9A1E7A4F7556}") = "BoletoBusPro.Module.Application", "BoletoBusPro.Bus.Application\BoletoBusPro.Module.Application.csproj", "{B642494E-F9A4-4CB7-9F8A-C18FCADE6B37}"
EndProject
Project("{9A19103F-16F7-4668-BE54-9A1E7A4F7556}") = "BoletoBusPro.Module.Domain", "BoletoBusPro.Bus.Domain\BoletoBusPro.Module.Domain.csproj", "{8A75C69D-93DB-4AF6-ADEE-0E0C92EEBCFE}"
EndProject
Project("{FAE04EC0-301F-11D3-BF4B-00C04F79EFBC}") = "BoletoBusPro.Module.Persistence", "BoletoBusPro.Module.Persistence\BoletoBusPro.Module.Persistence.csproj", "{43326721-05F3-4763-9B23-D82EC0F670DF}"
EndProject
Global
	GlobalSection(SolutionConfigurationPlatforms) = preSolution
		Debug|Any CPU = Debug|Any CPU
		Release|Any CPU = Release|Any CPU
	EndGlobalSection
	GlobalSection(ProjectConfigurationPlatforms) = postSolution
		{5C895183-A315-45D2-AE87-FB94D5AA606A}.Debug|Any CPU.ActiveCfg = Debug|Any CPU
		{5C895183-A315-45D2-AE87-FB94D5AA606A}.Debug|Any CPU.Build.0 = Debug|Any CPU
		{5C895183-A315-45D2-AE87-FB94D5AA606A}.Release|Any CPU.ActiveCfg = Release|Any CPU
		{5C895183-A315-45D2-AE87-FB94D5AA606A}.Release|Any CPU.Build.0 = Release|Any CPU
		{5C8BD2C6-3A69-4A52-A48A-E99ED27E518B}.Debug|Any CPU.ActiveCfg = Debug|Any CPU
		{5C8BD2C6-3A69-4A52-A48A-E99ED27E518B}.Debug|Any CPU.Build.0 = Debug|Any CPU
		{5C8BD2C6-3A69-4A52-A48A-E99ED27E518B}.Release|Any CPU.ActiveCfg = Release|Any CPU
		{5C8BD2C6-3A69-4A52-A48A-E99ED27E518B}.Release|Any CPU.Build.0 = Release|Any CPU
		{D577436B-7DB4-4715-B05F-DDFE557151CF}.Debug|Any CPU.ActiveCfg = Debug|Any CPU
		{D577436B-7DB4-4715-B05F-DDFE557151CF}.Debug|Any CPU.Build.0 = Debug|Any CPU
		{D577436B-7DB4-4715-B05F-DDFE557151CF}.Release|Any CPU.ActiveCfg = Release|Any CPU
		{D577436B-7DB4-4715-B05F-DDFE557151CF}.Release|Any CPU.Build.0 = Release|Any CPU
		{B642494E-F9A4-4CB7-9F8A-C18FCADE6B37}.Debug|Any CPU.ActiveCfg = Debug|Any CPU
		{B642494E-F9A4-4CB7-9F8A-C18FCADE6B37}.Debug|Any CPU.Build.0 = Debug|Any CPU
		{B642494E-F9A4-4CB7-9F8A-C18FCADE6B37}.Release|Any CPU.ActiveCfg = Release|Any CPU
		{B642494E-F9A4-4CB7-9F8A-C18FCADE6B37}.Release|Any CPU.Build.0 = Release|Any CPU
		{8A75C69D-93DB-4AF6-ADEE-0E0C92EEBCFE}.Debug|Any CPU.ActiveCfg = Debug|Any CPU
		{8A75C69D-93DB-4AF6-ADEE-0E0C92EEBCFE}.Debug|Any CPU.Build.0 = Debug|Any CPU
		{8A75C69D-93DB-4AF6-ADEE-0E0C92EEBCFE}.Release|Any CPU.ActiveCfg = Release|Any CPU
		{8A75C69D-93DB-4AF6-ADEE-0E0C92EEBCFE}.Release|Any CPU.Build.0 = Release|Any CPU
		{43326721-05F3-4763-9B23-D82EC0F670DF}.Debug|Any CPU.ActiveCfg = Debug|Any CPU
		{43326721-05F3-4763-9B23-D82EC0F670DF}.Debug|Any CPU.Build.0 = Debug|Any CPU
		{43326721-05F3-4763-9B23-D82EC0F670DF}.Release|Any CPU.ActiveCfg = Release|Any CPU
		{43326721-05F3-4763-9B23-D82EC0F670DF}.Release|Any CPU.Build.0 = Release|Any CPU
	EndGlobalSection
	GlobalSection(SolutionProperties) = preSolution
		HideSolutionNode = FALSE
	EndGlobalSection
	GlobalSection(NestedProjects) = preSolution
		{568DF77D-A54A-4242-B720-FC37A80F1B0F} = {C047613B-ED89-45F2-8C58-4E37CE6F23A0}
		{BBDB2FAB-FD68-4001-8440-E8558D420998} = {C047613B-ED89-45F2-8C58-4E37CE6F23A0}
		{599D3139-90C5-4582-A69D-25038E8EC38A} = {568DF77D-A54A-4242-B720-FC37A80F1B0F}
		{455F2DBA-99E6-4731-8BA8-8BD53D484379} = {568DF77D-A54A-4242-B720-FC37A80F1B0F}
		{5C895183-A315-45D2-AE87-FB94D5AA606A} = {599D3139-90C5-4582-A69D-25038E8EC38A}
		{5C8BD2C6-3A69-4A52-A48A-E99ED27E518B} = {455F2DBA-99E6-4731-8BA8-8BD53D484379}
		{A80A4D2E-D367-4B9D-9CCC-F800670D2002} = {568DF77D-A54A-4242-B720-FC37A80F1B0F}
		{63396475-30B5-4CCE-A145-580553107A42} = {A80A4D2E-D367-4B9D-9CCC-F800670D2002}
		{55809B8A-70C5-40A0-AC7C-DF40A7D32F48} = {A80A4D2E-D367-4B9D-9CCC-F800670D2002}
		{251424BF-297A-4BB0-A2C7-81ACC2EC9EAD} = {63396475-30B5-4CCE-A145-580553107A42}
		{11BB2D32-7EAC-4446-9106-661AED1760D0} = {63396475-30B5-4CCE-A145-580553107A42}
		{33BA0DBE-EAF6-4135-BCED-BCFF223C31CE} = {63396475-30B5-4CCE-A145-580553107A42}
		{B5AB36B5-FA1E-42AF-9808-0108E2631DC7} = {63396475-30B5-4CCE-A145-580553107A42}
		{D577436B-7DB4-4715-B05F-DDFE557151CF} = {251424BF-297A-4BB0-A2C7-81ACC2EC9EAD}
		{B642494E-F9A4-4CB7-9F8A-C18FCADE6B37} = {11BB2D32-7EAC-4446-9106-661AED1760D0}
		{8A75C69D-93DB-4AF6-ADEE-0E0C92EEBCFE} = {33BA0DBE-EAF6-4135-BCED-BCFF223C31CE}
		{43326721-05F3-4763-9B23-D82EC0F670DF} = {B5AB36B5-FA1E-42AF-9808-0108E2631DC7}
	EndGlobalSection
	GlobalSection(ExtensibilityGlobals) = postSolution
		SolutionGuid = {D2970462-7BBC-4652-A859-4F6E069D2B85}
	EndGlobalSection
EndGlobal
